
Microsoft Visual Studio Solution File, Format Version 12.00
# Visual Studio Version 17
VisualStudioVersion = 17.8.34322.80
MinimumVisualStudioVersion = 10.0.40219.1
Project("{FAE04EC0-301F-11D3-BF4B-00C04F79EFBC}") = "02BothNumberList", "02BothNumberList\02BothNumberList.csproj", "{1B22D20A-8ECA-4C77-9655-B8FCA2CBB89B}"
EndProject
Global
	GlobalSection(SolutionConfigurationPlatforms) = preSolution
		Debug|Any CPU = Debug|Any CPU
		Release|Any CPU = Release|Any CPU
	EndGlobalSection
	GlobalSection(ProjectConfigurationPlatforms) = postSolution
		{1B22D20A-8ECA-4C77-9655-B8FCA2CBB89B}.Debug|Any CPU.ActiveCfg = Debug|Any CPU
		{1B22D20A-8ECA-4C77-9655-B8FCA2CBB89B}.Debug|Any CPU.Build.0 = Debug|Any CPU
		{1B22D20A-8ECA-4C77-9655-B8FCA2CBB89B}.Release|Any CPU.ActiveCfg = Release|Any CPU
		{1B22D20A-8ECA-4C77-9655-B8FCA2CBB89B}.Release|Any CPU.Build.0 = Release|Any CPU
	EndGlobalSection
	GlobalSection(SolutionProperties) = preSolution
		HideSolutionNode = FALSE
	EndGlobalSection
	GlobalSection(ExtensibilityGlobals) = postSolution
		SolutionGuid = {8A710D92-9DDB-44F2-B399-C8C5CD7E8EEC}
	EndGlobalSection
EndGlobal
