
Microsoft Visual Studio Solution File, Format Version 12.00
# Visual Studio Version 17
VisualStudioVersion = 17.8.34322.80
MinimumVisualStudioVersion = 10.0.40219.1
Project("{FAE04EC0-301F-11D3-BF4B-00C04F79EFBC}") = "04PersonListDeserialize", "04PersonListDeserialize\04PersonListDeserialize.csproj", "{0D6BEAFB-38AF-4379-B06E-E8F45DE955BE}"
EndProject
Global
	GlobalSection(SolutionConfigurationPlatforms) = preSolution
		Debug|Any CPU = Debug|Any CPU
		Release|Any CPU = Release|Any CPU
	EndGlobalSection
	GlobalSection(ProjectConfigurationPlatforms) = postSolution
		{0D6BEAFB-38AF-4379-B06E-E8F45DE955BE}.Debug|Any CPU.ActiveCfg = Debug|Any CPU
		{0D6BEAFB-38AF-4379-B06E-E8F45DE955BE}.Debug|Any CPU.Build.0 = Debug|Any CPU
		{0D6BEAFB-38AF-4379-B06E-E8F45DE955BE}.Release|Any CPU.ActiveCfg = Release|Any CPU
		{0D6BEAFB-38AF-4379-B06E-E8F45DE955BE}.Release|Any CPU.Build.0 = Release|Any CPU
	EndGlobalSection
	GlobalSection(SolutionProperties) = preSolution
		HideSolutionNode = FALSE
	EndGlobalSection
	GlobalSection(ExtensibilityGlobals) = postSolution
		SolutionGuid = {3C73E7F3-A66A-4DD7-987D-65A9779C70C4}
	EndGlobalSection
EndGlobal
