
Microsoft Visual Studio Solution File, Format Version 12.00
# Visual Studio Version 17
VisualStudioVersion = 17.8.34322.80
MinimumVisualStudioVersion = 10.0.40219.1
Project("{FAE04EC0-301F-11D3-BF4B-00C04F79EFBC}") = "04Book", "04Book\04Book.csproj", "{929C2DEC-6ACE-436D-A503-B6AB6A7F2C06}"
EndProject
Global
	GlobalSection(SolutionConfigurationPlatforms) = preSolution
		Debug|Any CPU = Debug|Any CPU
		Release|Any CPU = Release|Any CPU
	EndGlobalSection
	GlobalSection(ProjectConfigurationPlatforms) = postSolution
		{929C2DEC-6ACE-436D-A503-B6AB6A7F2C06}.Debug|Any CPU.ActiveCfg = Debug|Any CPU
		{929C2DEC-6ACE-436D-A503-B6AB6A7F2C06}.Debug|Any CPU.Build.0 = Debug|Any CPU
		{929C2DEC-6ACE-436D-A503-B6AB6A7F2C06}.Release|Any CPU.ActiveCfg = Release|Any CPU
		{929C2DEC-6ACE-436D-A503-B6AB6A7F2C06}.Release|Any CPU.Build.0 = Release|Any CPU
	EndGlobalSection
	GlobalSection(SolutionProperties) = preSolution
		HideSolutionNode = FALSE
	EndGlobalSection
	GlobalSection(ExtensibilityGlobals) = postSolution
		SolutionGuid = {88BA4F4A-E54A-4D5B-BEF2-521BD9E4ED39}
	EndGlobalSection
EndGlobal
