
Microsoft Visual Studio Solution File, Format Version 12.00
# Visual Studio Version 17
VisualStudioVersion = 17.8.34322.80
MinimumVisualStudioVersion = 10.0.40219.1
Project("{FAE04EC0-301F-11D3-BF4B-00C04F79EFBC}") = "01Movie", "01Movie\01Movie.csproj", "{AF32CB8F-E615-449C-85F8-12B6EDB4E630}"
EndProject
Global
	GlobalSection(SolutionConfigurationPlatforms) = preSolution
		Debug|Any CPU = Debug|Any CPU
		Release|Any CPU = Release|Any CPU
	EndGlobalSection
	GlobalSection(ProjectConfigurationPlatforms) = postSolution
		{AF32CB8F-E615-449C-85F8-12B6EDB4E630}.Debug|Any CPU.ActiveCfg = Debug|Any CPU
		{AF32CB8F-E615-449C-85F8-12B6EDB4E630}.Debug|Any CPU.Build.0 = Debug|Any CPU
		{AF32CB8F-E615-449C-85F8-12B6EDB4E630}.Release|Any CPU.ActiveCfg = Release|Any CPU
		{AF32CB8F-E615-449C-85F8-12B6EDB4E630}.Release|Any CPU.Build.0 = Release|Any CPU
	EndGlobalSection
	GlobalSection(SolutionProperties) = preSolution
		HideSolutionNode = FALSE
	EndGlobalSection
	GlobalSection(ExtensibilityGlobals) = postSolution
		SolutionGuid = {D612A482-E36E-4969-A044-29E8BC316BFB}
	EndGlobalSection
EndGlobal
